github.com/Aruforce/hello v1.0.1 h1:CNC4ZenBDAah3mib7fwBztu9ZHVYkjNzMAKMhKlLreQ=
github.com/Aruforce/hello v1.0.1/go.mod h1:SPJXz6EybRNTFDg7RAoekS+HdftZtWbdXaa8W+Mr8YM=
github.com/Aruforce/hello v1.0.2 h1:iguhOqvOTIazbHlVOW6F3VpCTuGLXmwDXMAZZhYdOhk=
github.com/Aruforce/hello v1.0.2/go.mod h1:SPJXz6EybRNTFDg7RAoekS+HdftZtWbdXaa8W+Mr8YM=
github.com/Aruforce/hello/v2 v2.0.0 h1:u725BCkNv1KwAA8AIasoBskQFUzue0T17PNZTsGW1lY=
github.com/Aruforce/hello/v2 v2.0.0/go.mod h1:u95SF+fCSF8Cy+MAhTQrVi54W+XtOxvyc+Fg9xK14RQ=
